
Microsoft Visual Studio Solution File, Format Version 12.00
# Visual Studio Version 17
VisualStudioVersion = 17.11.35327.3
MinimumVisualStudioVersion = 10.0.40219.1
Project("{FAE04EC0-301F-11D3-BF4B-00C04F79EFBC}") = "DumpRP6", "DumpRP6.csproj", "{05EF36C0-6EFC-4DBF-B807-AEBA5E2FF7C5}"
EndProject
Global
	GlobalSection(SolutionConfigurationPlatforms) = preSolution
		Debug|Any CPU = Debug|Any CPU
		Release|Any CPU = Release|Any CPU
	EndGlobalSection
	GlobalSection(ProjectConfigurationPlatforms) = postSolution
		{05EF36C0-6EFC-4DBF-B807-AEBA5E2FF7C5}.Debug|Any CPU.ActiveCfg = Debug|Any CPU
		{05EF36C0-6EFC-4DBF-B807-AEBA5E2FF7C5}.Debug|Any CPU.Build.0 = Debug|Any CPU
		{05EF36C0-6EFC-4DBF-B807-AEBA5E2FF7C5}.Release|Any CPU.ActiveCfg = Release|Any CPU
		{05EF36C0-6EFC-4DBF-B807-AEBA5E2FF7C5}.Release|Any CPU.Build.0 = Release|Any CPU
	EndGlobalSection
	GlobalSection(SolutionProperties) = preSolution
		HideSolutionNode = FALSE
	EndGlobalSection
	GlobalSection(ExtensibilityGlobals) = postSolution
		SolutionGuid = {1DE6B0B4-FEEA-4387-AA2F-79BDDC295AE6}
	EndGlobalSection
EndGlobal
